// !$*UTF8*$!
{
	archiveVersion = 1;
	classes = {
	};
	objectVersion = 50;
	objects = {

/* Begin PBXBuildFile section */
		582AABEE22C8B6980049E714 /* User.swift in Sources */ = {isa = PBXBuildFile; fileRef = 582AABED22C8B6980049E714 /* User.swift */; };
		582B31E622C3602B004C7D9A /* ProductDetailVC.swift in Sources */ = {isa = PBXBuildFile; fileRef = 582B31E422C3602B004C7D9A /* ProductDetailVC.swift */; };
		582B31E722C3602B004C7D9A /* ProductDetailVC.xib in Resources */ = {isa = PBXBuildFile; fileRef = 582B31E522C3602B004C7D9A /* ProductDetailVC.xib */; };
		582B31E822C3784A004C7D9A /* HomeVC.swift in Sources */ = {isa = PBXBuildFile; fileRef = 5862B45122B925B100A24509 /* HomeVC.swift */; };
		582B31E922C37B06004C7D9A /* RoundedViews.swift in Sources */ = {isa = PBXBuildFile; fileRef = 5830876122BCB45D00A4CDCA /* RoundedViews.swift */; };
		582B31EA22C37B19004C7D9A /* Constants.swift in Sources */ = {isa = PBXBuildFile; fileRef = 58CB760122BCA724006AC83E /* Constants.swift */; };
		582B31EB22C37B1D004C7D9A /* Extensions.swift in Sources */ = {isa = PBXBuildFile; fileRef = 5862B48822BBDF5700A24509 /* Extensions.swift */; };
		582B31EC22C37B51004C7D9A /* ProductDetailVC.xib in Resources */ = {isa = PBXBuildFile; fileRef = 582B31E522C3602B004C7D9A /* ProductDetailVC.xib */; };
		582B31ED22C37B5C004C7D9A /* ProductDetailVC.swift in Sources */ = {isa = PBXBuildFile; fileRef = 582B31E422C3602B004C7D9A /* ProductDetailVC.swift */; };
		5830876222BCB45D00A4CDCA /* RoundedViews.swift in Sources */ = {isa = PBXBuildFile; fileRef = 5830876122BCB45D00A4CDCA /* RoundedViews.swift */; };
		5830876622BD2E0200A4CDCA /* ForgotPasswordVC.swift in Sources */ = {isa = PBXBuildFile; fileRef = 5830876422BD2E0200A4CDCA /* ForgotPasswordVC.swift */; };
		5830876722BD2E0200A4CDCA /* ForgotPasswordVC.xib in Resources */ = {isa = PBXBuildFile; fileRef = 5830876522BD2E0200A4CDCA /* ForgotPasswordVC.xib */; };
		5841DD9C22BFA4D800A5C9D5 /* Firebase+Utils.swift in Sources */ = {isa = PBXBuildFile; fileRef = 5841DD9B22BFA4D800A5C9D5 /* Firebase+Utils.swift */; };
		5841DD9D22BFA5FC00A5C9D5 /* Firebase+Utils.swift in Sources */ = {isa = PBXBuildFile; fileRef = 5841DD9B22BFA4D800A5C9D5 /* Firebase+Utils.swift */; };
		5841DD9F22BFBBE900A5C9D5 /* Category.swift in Sources */ = {isa = PBXBuildFile; fileRef = 5841DD9E22BFBBE900A5C9D5 /* Category.swift */; };
		5841DDA022BFBBF000A5C9D5 /* Category.swift in Sources */ = {isa = PBXBuildFile; fileRef = 5841DD9E22BFBBE900A5C9D5 /* Category.swift */; };
		5841DDA322BFC90200A5C9D5 /* CategoryCell.swift in Sources */ = {isa = PBXBuildFile; fileRef = 5841DDA122BFC90200A5C9D5 /* CategoryCell.swift */; };
		5841DDA422BFC90200A5C9D5 /* CategoryCell.swift in Sources */ = {isa = PBXBuildFile; fileRef = 5841DDA122BFC90200A5C9D5 /* CategoryCell.swift */; };
		5841DDA522BFC90200A5C9D5 /* CategoryCell.xib in Resources */ = {isa = PBXBuildFile; fileRef = 5841DDA222BFC90200A5C9D5 /* CategoryCell.xib */; };
		5841DDA622BFC90200A5C9D5 /* CategoryCell.xib in Resources */ = {isa = PBXBuildFile; fileRef = 5841DDA222BFC90200A5C9D5 /* CategoryCell.xib */; };
		5862B45022B925B100A24509 /* AppDelegate.swift in Sources */ = {isa = PBXBuildFile; fileRef = 5862B44F22B925B100A24509 /* AppDelegate.swift */; };
		5862B45222B925B100A24509 /* HomeVC.swift in Sources */ = {isa = PBXBuildFile; fileRef = 5862B45122B925B100A24509 /* HomeVC.swift */; };
		5862B45522B925B100A24509 /* Main.storyboard in Resources */ = {isa = PBXBuildFile; fileRef = 5862B45322B925B100A24509 /* Main.storyboard */; };
		5862B45722B925B500A24509 /* Assets.xcassets in Resources */ = {isa = PBXBuildFile; fileRef = 5862B45622B925B500A24509 /* Assets.xcassets */; };
		5862B45A22B925B500A24509 /* LaunchScreen.storyboard in Resources */ = {isa = PBXBuildFile; fileRef = 5862B45822B925B500A24509 /* LaunchScreen.storyboard */; };
		5862B46822B9265600A24509 /* AppDelegate.swift in Sources */ = {isa = PBXBuildFile; fileRef = 5862B46722B9265600A24509 /* AppDelegate.swift */; };
		5862B46A22B9265600A24509 /* AdminHomeVC.swift in Sources */ = {isa = PBXBuildFile; fileRef = 5862B46922B9265600A24509 /* AdminHomeVC.swift */; };
		5862B46D22B9265600A24509 /* Main.storyboard in Resources */ = {isa = PBXBuildFile; fileRef = 5862B46B22B9265600A24509 /* Main.storyboard */; };
		5862B47222B9265700A24509 /* LaunchScreen.storyboard in Resources */ = {isa = PBXBuildFile; fileRef = 5862B47022B9265700A24509 /* LaunchScreen.storyboard */; };
		5862B47822B9279B00A24509 /* Assets.xcassets in Resources */ = {isa = PBXBuildFile; fileRef = 5862B45622B925B500A24509 /* Assets.xcassets */; };
		5862B47A22B9323900A24509 /* LoginStoryboard.storyboard in Resources */ = {isa = PBXBuildFile; fileRef = 5862B47922B9323900A24509 /* LoginStoryboard.storyboard */; };
		5862B47C22B94AD100A24509 /* GoogleService-Info.plist in Resources */ = {isa = PBXBuildFile; fileRef = 5862B47B22B94AD100A24509 /* GoogleService-Info.plist */; };
		5862B47E22B94CF400A24509 /* GoogleService-Info.plist in Resources */ = {isa = PBXBuildFile; fileRef = 5862B47D22B94CF400A24509 /* GoogleService-Info.plist */; };
		5862B48422BBCAAD00A24509 /* LoginVC.swift in Sources */ = {isa = PBXBuildFile; fileRef = 5862B48322BBCAAD00A24509 /* LoginVC.swift */; };
		5862B48622BBCAC600A24509 /* RegisterVC.swift in Sources */ = {isa = PBXBuildFile; fileRef = 5862B48522BBCAC600A24509 /* RegisterVC.swift */; };
		5862B48922BBDF5700A24509 /* Extensions.swift in Sources */ = {isa = PBXBuildFile; fileRef = 5862B48822BBDF5700A24509 /* Extensions.swift */; };
		5870617122C09B7B00740598 /* ProductsVC.swift in Sources */ = {isa = PBXBuildFile; fileRef = 5870617022C09B7B00740598 /* ProductsVC.swift */; };
		5870617222C09B7B00740598 /* ProductsVC.swift in Sources */ = {isa = PBXBuildFile; fileRef = 5870617022C09B7B00740598 /* ProductsVC.swift */; };
		5870617422C09BE600740598 /* Product.swift in Sources */ = {isa = PBXBuildFile; fileRef = 5870617322C09BE600740598 /* Product.swift */; };
		5870617522C09BE600740598 /* Product.swift in Sources */ = {isa = PBXBuildFile; fileRef = 5870617322C09BE600740598 /* Product.swift */; };
		5870617822C09D8500740598 /* ProductCell.swift in Sources */ = {isa = PBXBuildFile; fileRef = 5870617622C09D8500740598 /* ProductCell.swift */; };
		5870617922C09D8500740598 /* ProductCell.swift in Sources */ = {isa = PBXBuildFile; fileRef = 5870617622C09D8500740598 /* ProductCell.swift */; };
		5870617A22C09D8500740598 /* ProductCell.xib in Resources */ = {isa = PBXBuildFile; fileRef = 5870617722C09D8500740598 /* ProductCell.xib */; };
		5870617B22C09D8500740598 /* ProductCell.xib in Resources */ = {isa = PBXBuildFile; fileRef = 5870617722C09D8500740598 /* ProductCell.xib */; };
		58A1683F22C48CD80075FCE2 /* AddEditCategoryVC.swift in Sources */ = {isa = PBXBuildFile; fileRef = 58A1683E22C48CD80075FCE2 /* AddEditCategoryVC.swift */; };
		58A1684222C4D8520075FCE2 /* AdminProductsVC.swift in Sources */ = {isa = PBXBuildFile; fileRef = 58A1684122C4D8520075FCE2 /* AdminProductsVC.swift */; };
		58A1684422C4E3050075FCE2 /* AddEditProductsVC.swift in Sources */ = {isa = PBXBuildFile; fileRef = 58A1684322C4E3050075FCE2 /* AddEditProductsVC.swift */; };
		58CB760222BCA724006AC83E /* Constants.swift in Sources */ = {isa = PBXBuildFile; fileRef = 58CB760122BCA724006AC83E /* Constants.swift */; };
		5E83E377087A4927138ED735 /* Pods_Artable.framework in Frameworks */ = {isa = PBXBuildFile; fileRef = 167F9A778BD45939C1B3C03A /* Pods_Artable.framework */; };
		6D39345BE27081824541DE0D /* Pods_ArtableAdmin.framework in Frameworks */ = {isa = PBXBuildFile; fileRef = BD91AA6904CAF11BADB4C6FC /* Pods_ArtableAdmin.framework */; };
/* End PBXBuildFile section */

/* Begin PBXFileReference section */
		167F9A778BD45939C1B3C03A /* Pods_Artable.framework */ = {isa = PBXFileReference; explicitFileType = wrapper.framework; includeInIndex = 0; path = Pods_Artable.framework; sourceTree = BUILT_PRODUCTS_DIR; };
		19F00DEE671AB40953091117 /* Pods-Artable.debug.xcconfig */ = {isa = PBXFileReference; includeInIndex = 1; lastKnownFileType = text.xcconfig; name = "Pods-Artable.debug.xcconfig"; path = "Pods/Target Support Files/Pods-Artable/Pods-Artable.debug.xcconfig"; sourceTree = "<group>"; };
		29EFB00CF87D961E5E9F238E /* Pods-ArtableAdmin.debug.xcconfig */ = {isa = PBXFileReference; includeInIndex = 1; lastKnownFileType = text.xcconfig; name = "Pods-ArtableAdmin.debug.xcconfig"; path = "Pods/Target Support Files/Pods-ArtableAdmin/Pods-ArtableAdmin.debug.xcconfig"; sourceTree = "<group>"; };
		383B22B1F2FB89D9A19B2B9E /* Pods-ArtableAdmin.release.xcconfig */ = {isa = PBXFileReference; includeInIndex = 1; lastKnownFileType = text.xcconfig; name = "Pods-ArtableAdmin.release.xcconfig"; path = "Pods/Target Support Files/Pods-ArtableAdmin/Pods-ArtableAdmin.release.xcconfig"; sourceTree = "<group>"; };
		582AABED22C8B6980049E714 /* User.swift */ = {isa = PBXFileReference; lastKnownFileType = sourcecode.swift; path = User.swift; sourceTree = "<group>"; };
		582B31E422C3602B004C7D9A /* ProductDetailVC.swift */ = {isa = PBXFileReference; lastKnownFileType = sourcecode.swift; path = ProductDetailVC.swift; sourceTree = "<group>"; };
		582B31E522C3602B004C7D9A /* ProductDetailVC.xib */ = {isa = PBXFileReference; lastKnownFileType = file.xib; path = ProductDetailVC.xib; sourceTree = "<group>"; };
		5830876122BCB45D00A4CDCA /* RoundedViews.swift */ = {isa = PBXFileReference; lastKnownFileType = sourcecode.swift; path = RoundedViews.swift; sourceTree = "<group>"; };
		5830876422BD2E0200A4CDCA /* ForgotPasswordVC.swift */ = {isa = PBXFileReference; lastKnownFileType = sourcecode.swift; path = ForgotPasswordVC.swift; sourceTree = "<group>"; };
		5830876522BD2E0200A4CDCA /* ForgotPasswordVC.xib */ = {isa = PBXFileReference; lastKnownFileType = file.xib; path = ForgotPasswordVC.xib; sourceTree = "<group>"; };
		5841DD9B22BFA4D800A5C9D5 /* Firebase+Utils.swift */ = {isa = PBXFileReference; lastKnownFileType = sourcecode.swift; path = "Firebase+Utils.swift"; sourceTree = "<group>"; };
		5841DD9E22BFBBE900A5C9D5 /* Category.swift */ = {isa = PBXFileReference; lastKnownFileType = sourcecode.swift; path = Category.swift; sourceTree = "<group>"; };
		5841DDA122BFC90200A5C9D5 /* CategoryCell.swift */ = {isa = PBXFileReference; lastKnownFileType = sourcecode.swift; path = CategoryCell.swift; sourceTree = "<group>"; };
		5841DDA222BFC90200A5C9D5 /* CategoryCell.xib */ = {isa = PBXFileReference; lastKnownFileType = file.xib; path = CategoryCell.xib; sourceTree = "<group>"; };
		5862B44C22B925B100A24509 /* Artable.app */ = {isa = PBXFileReference; explicitFileType = wrapper.application; includeInIndex = 0; path = Artable.app; sourceTree = BUILT_PRODUCTS_DIR; };
		5862B44F22B925B100A24509 /* AppDelegate.swift */ = {isa = PBXFileReference; lastKnownFileType = sourcecode.swift; path = AppDelegate.swift; sourceTree = "<group>"; };
		5862B45122B925B100A24509 /* HomeVC.swift */ = {isa = PBXFileReference; lastKnownFileType = sourcecode.swift; path = HomeVC.swift; sourceTree = "<group>"; };
		5862B45422B925B100A24509 /* Base */ = {isa = PBXFileReference; lastKnownFileType = file.storyboard; name = Base; path = Base.lproj/Main.storyboard; sourceTree = "<group>"; };
		5862B45622B925B500A24509 /* Assets.xcassets */ = {isa = PBXFileReference; lastKnownFileType = folder.assetcatalog; path = Assets.xcassets; sourceTree = "<group>"; };
		5862B45922B925B500A24509 /* Base */ = {isa = PBXFileReference; lastKnownFileType = file.storyboard; name = Base; path = Base.lproj/LaunchScreen.storyboard; sourceTree = "<group>"; };
		5862B45B22B925B500A24509 /* Info.plist */ = {isa = PBXFileReference; lastKnownFileType = text.plist.xml; path = Info.plist; sourceTree = "<group>"; };
		5862B46522B9265600A24509 /* ArtableAdmin.app */ = {isa = PBXFileReference; explicitFileType = wrapper.application; includeInIndex = 0; path = ArtableAdmin.app; sourceTree = BUILT_PRODUCTS_DIR; };
		5862B46722B9265600A24509 /* AppDelegate.swift */ = {isa = PBXFileReference; lastKnownFileType = sourcecode.swift; path = AppDelegate.swift; sourceTree = "<group>"; };
		5862B46922B9265600A24509 /* AdminHomeVC.swift */ = {isa = PBXFileReference; lastKnownFileType = sourcecode.swift; path = AdminHomeVC.swift; sourceTree = "<group>"; };
		5862B46C22B9265600A24509 /* Base */ = {isa = PBXFileReference; lastKnownFileType = file.storyboard; name = Base; path = Base.lproj/Main.storyboard; sourceTree = "<group>"; };
		5862B47122B9265700A24509 /* Base */ = {isa = PBXFileReference; lastKnownFileType = file.storyboard; name = Base; path = Base.lproj/LaunchScreen.storyboard; sourceTree = "<group>"; };
		5862B47322B9265700A24509 /* Info.plist */ = {isa = PBXFileReference; lastKnownFileType = text.plist.xml; path = Info.plist; sourceTree = "<group>"; };
		5862B47922B9323900A24509 /* LoginStoryboard.storyboard */ = {isa = PBXFileReference; lastKnownFileType = file.storyboard; path = LoginStoryboard.storyboard; sourceTree = "<group>"; };
		5862B47B22B94AD100A24509 /* GoogleService-Info.plist */ = {isa = PBXFileReference; fileEncoding = 4; lastKnownFileType = text.plist.xml; path = "GoogleService-Info.plist"; sourceTree = "<group>"; };
		5862B47D22B94CF400A24509 /* GoogleService-Info.plist */ = {isa = PBXFileReference; fileEncoding = 4; lastKnownFileType = text.plist.xml; path = "GoogleService-Info.plist"; sourceTree = "<group>"; };
		5862B48322BBCAAD00A24509 /* LoginVC.swift */ = {isa = PBXFileReference; lastKnownFileType = sourcecode.swift; path = LoginVC.swift; sourceTree = "<group>"; };
		5862B48522BBCAC600A24509 /* RegisterVC.swift */ = {isa = PBXFileReference; lastKnownFileType = sourcecode.swift; path = RegisterVC.swift; sourceTree = "<group>"; };
		5862B48822BBDF5700A24509 /* Extensions.swift */ = {isa = PBXFileReference; lastKnownFileType = sourcecode.swift; path = Extensions.swift; sourceTree = "<group>"; };
		5870617022C09B7B00740598 /* ProductsVC.swift */ = {isa = PBXFileReference; lastKnownFileType = sourcecode.swift; path = ProductsVC.swift; sourceTree = "<group>"; };
		5870617322C09BE600740598 /* Product.swift */ = {isa = PBXFileReference; lastKnownFileType = sourcecode.swift; path = Product.swift; sourceTree = "<group>"; };
		5870617622C09D8500740598 /* ProductCell.swift */ = {isa = PBXFileReference; lastKnownFileType = sourcecode.swift; path = ProductCell.swift; sourceTree = "<group>"; };
		5870617722C09D8500740598 /* ProductCell.xib */ = {isa = PBXFileReference; lastKnownFileType = file.xib; name = ProductCell.xib; path = ../View/ProductCell.xib; sourceTree = "<group>"; };
		58A1683E22C48CD80075FCE2 /* AddEditCategoryVC.swift */ = {isa = PBXFileReference; lastKnownFileType = sourcecode.swift; path = AddEditCategoryVC.swift; sourceTree = "<group>"; };
		58A1684122C4D8520075FCE2 /* AdminProductsVC.swift */ = {isa = PBXFileReference; lastKnownFileType = sourcecode.swift; path = AdminProductsVC.swift; sourceTree = "<group>"; };
		58A1684322C4E3050075FCE2 /* AddEditProductsVC.swift */ = {isa = PBXFileReference; lastKnownFileType = sourcecode.swift; path = AddEditProductsVC.swift; sourceTree = "<group>"; };
		58CB760122BCA724006AC83E /* Constants.swift */ = {isa = PBXFileReference; lastKnownFileType = sourcecode.swift; path = Constants.swift; sourceTree = "<group>"; };
		7891B4A0AE12BDDE1A228B5E /* Pods-Artable.release.xcconfig */ = {isa = PBXFileReference; includeInIndex = 1; lastKnownFileType = text.xcconfig; name = "Pods-Artable.release.xcconfig"; path = "Pods/Target Support Files/Pods-Artable/Pods-Artable.release.xcconfig"; sourceTree = "<group>"; };
		BD91AA6904CAF11BADB4C6FC /* Pods_ArtableAdmin.framework */ = {isa = PBXFileReference; explicitFileType = wrapper.framework; includeInIndex = 0; path = Pods_ArtableAdmin.framework; sourceTree = BUILT_PRODUCTS_DIR; };
/* End PBXFileReference section */

/* Begin PBXFrameworksBuildPhase section */
		5862B44922B925B100A24509 /* Frameworks */ = {
			isa = PBXFrameworksBuildPhase;
			buildActionMask = 2147483647;
			files = (
				5E83E377087A4927138ED735 /* Pods_Artable.framework in Frameworks */,
			);
			runOnlyForDeploymentPostprocessing = 0;
		};
		5862B46222B9265600A24509 /* Frameworks */ = {
			isa = PBXFrameworksBuildPhase;
			buildActionMask = 2147483647;
			files = (
				6D39345BE27081824541DE0D /* Pods_ArtableAdmin.framework in Frameworks */,
			);
			runOnlyForDeploymentPostprocessing = 0;
		};
/* End PBXFrameworksBuildPhase section */

/* Begin PBXGroup section */
		0560D37203534E96306F509F /* Frameworks */ = {
			isa = PBXGroup;
			children = (
				167F9A778BD45939C1B3C03A /* Pods_Artable.framework */,
				BD91AA6904CAF11BADB4C6FC /* Pods_ArtableAdmin.framework */,
			);
			name = Frameworks;
			sourceTree = "<group>";
		};
		5830876322BD2DCC00A4CDCA /* Xibs */ = {
			isa = PBXGroup;
			children = (
				5830876522BD2E0200A4CDCA /* ForgotPasswordVC.xib */,
				582B31E522C3602B004C7D9A /* ProductDetailVC.xib */,
			);
			path = Xibs;
			sourceTree = "<group>";
		};
		5841DDA722BFC92800A5C9D5 /* Xibs */ = {
			isa = PBXGroup;
			children = (
				5841DDA222BFC90200A5C9D5 /* CategoryCell.xib */,
				5870617722C09D8500740598 /* ProductCell.xib */,
			);
			path = Xibs;
			sourceTree = "<group>";
		};
		5862B44322B925B100A24509 = {
			isa = PBXGroup;
			children = (
				5862B47722B9276C00A24509 /* Shared */,
				5862B44E22B925B100A24509 /* Artable */,
				5862B46622B9265600A24509 /* ArtableAdmin */,
				5862B44D22B925B100A24509 /* Products */,
				DEEF48261373F7FC3016753F /* Pods */,
				0560D37203534E96306F509F /* Frameworks */,
			);
			sourceTree = "<group>";
		};
		5862B44D22B925B100A24509 /* Products */ = {
			isa = PBXGroup;
			children = (
				5862B44C22B925B100A24509 /* Artable.app */,
				5862B46522B9265600A24509 /* ArtableAdmin.app */,
			);
			name = Products;
			sourceTree = "<group>";
		};
		5862B44E22B925B100A24509 /* Artable */ = {
			isa = PBXGroup;
			children = (
				5830876322BD2DCC00A4CDCA /* Xibs */,
				5862B48022BBC9FB00A24509 /* View */,
				5862B47F22BBC9EB00A24509 /* Controller */,
				5862B48222BBCA6300A24509 /* Storyboards */,
				5862B45B22B925B500A24509 /* Info.plist */,
				5862B47B22B94AD100A24509 /* GoogleService-Info.plist */,
			);
			path = Artable;
			sourceTree = "<group>";
		};
		5862B46622B9265600A24509 /* ArtableAdmin */ = {
			isa = PBXGroup;
			children = (
				58A1684022C48CE80075FCE2 /* Controller */,
				5862B46B22B9265600A24509 /* Main.storyboard */,
				5862B47022B9265700A24509 /* LaunchScreen.storyboard */,
				5862B47322B9265700A24509 /* Info.plist */,
				5862B47D22B94CF400A24509 /* GoogleService-Info.plist */,
			);
			path = ArtableAdmin;
			sourceTree = "<group>";
		};
		5862B47722B9276C00A24509 /* Shared */ = {
			isa = PBXGroup;
			children = (
				5841DDA722BFC92800A5C9D5 /* Xibs */,
				5862B48122BBCA0300A24509 /* Model */,
				58CB760322BCB42E006AC83E /* View */,
				5862B48722BBDF2900A24509 /* Utils */,
				5862B45622B925B500A24509 /* Assets.xcassets */,
			);
			path = Shared;
			sourceTree = "<group>";
		};
		5862B47F22BBC9EB00A24509 /* Controller */ = {
			isa = PBXGroup;
			children = (
				5862B48322BBCAAD00A24509 /* LoginVC.swift */,
				5862B48522BBCAC600A24509 /* RegisterVC.swift */,
				5862B45122B925B100A24509 /* HomeVC.swift */,
				5862B44F22B925B100A24509 /* AppDelegate.swift */,
				5870617022C09B7B00740598 /* ProductsVC.swift */,
			);
			path = Controller;
			sourceTree = "<group>";
		};
		5862B48022BBC9FB00A24509 /* View */ = {
			isa = PBXGroup;
			children = (
				5830876422BD2E0200A4CDCA /* ForgotPasswordVC.swift */,
				582B31E422C3602B004C7D9A /* ProductDetailVC.swift */,
			);
			path = View;
			sourceTree = "<group>";
		};
		5862B48122BBCA0300A24509 /* Model */ = {
			isa = PBXGroup;
			children = (
				5841DD9E22BFBBE900A5C9D5 /* Category.swift */,
				5870617322C09BE600740598 /* Product.swift */,
				582AABED22C8B6980049E714 /* User.swift */,
			);
			name = Model;
			path = ../Artable/Model;
			sourceTree = "<group>";
		};
		5862B48222BBCA6300A24509 /* Storyboards */ = {
			isa = PBXGroup;
			children = (
				5862B47922B9323900A24509 /* LoginStoryboard.storyboard */,
				5862B45322B925B100A24509 /* Main.storyboard */,
				5862B45822B925B500A24509 /* LaunchScreen.storyboard */,
			);
			path = Storyboards;
			sourceTree = "<group>";
		};
		5862B48722BBDF2900A24509 /* Utils */ = {
			isa = PBXGroup;
			children = (
				5862B48822BBDF5700A24509 /* Extensions.swift */,
				58CB760122BCA724006AC83E /* Constants.swift */,
				5841DD9B22BFA4D800A5C9D5 /* Firebase+Utils.swift */,
			);
			path = Utils;
			sourceTree = "<group>";
		};
		58A1684022C48CE80075FCE2 /* Controller */ = {
			isa = PBXGroup;
			children = (
				58A1684322C4E3050075FCE2 /* AddEditProductsVC.swift */,
				58A1683E22C48CD80075FCE2 /* AddEditCategoryVC.swift */,
				5862B46922B9265600A24509 /* AdminHomeVC.swift */,
				5862B46722B9265600A24509 /* AppDelegate.swift */,
				58A1684122C4D8520075FCE2 /* AdminProductsVC.swift */,
			);
			path = Controller;
			sourceTree = "<group>";
		};
		58CB760322BCB42E006AC83E /* View */ = {
			isa = PBXGroup;
			children = (
				5830876122BCB45D00A4CDCA /* RoundedViews.swift */,
				5841DDA122BFC90200A5C9D5 /* CategoryCell.swift */,
				5870617622C09D8500740598 /* ProductCell.swift */,
			);
			path = View;
			sourceTree = "<group>";
		};
		DEEF48261373F7FC3016753F /* Pods */ = {
			isa = PBXGroup;
			children = (
				19F00DEE671AB40953091117 /* Pods-Artable.debug.xcconfig */,
				7891B4A0AE12BDDE1A228B5E /* Pods-Artable.release.xcconfig */,
				29EFB00CF87D961E5E9F238E /* Pods-ArtableAdmin.debug.xcconfig */,
				383B22B1F2FB89D9A19B2B9E /* Pods-ArtableAdmin.release.xcconfig */,
			);
			name = Pods;
			sourceTree = "<group>";
		};
/* End PBXGroup section */

/* Begin PBXNativeTarget section */
		5862B44B22B925B100A24509 /* Artable */ = {
			isa = PBXNativeTarget;
			buildConfigurationList = 5862B45E22B925B500A24509 /* Build configuration list for PBXNativeTarget "Artable" */;
			buildPhases = (
				0DB396A98F51D49AFA094CC9 /* [CP] Check Pods Manifest.lock */,
				5862B44822B925B100A24509 /* Sources */,
				5862B44922B925B100A24509 /* Frameworks */,
				5862B44A22B925B100A24509 /* Resources */,
				6E679EBB1ADC268420CDF37D /* [CP] Embed Pods Frameworks */,
			);
			buildRules = (
			);
			dependencies = (
			);
			name = Artable;
			productName = Artable;
			productReference = 5862B44C22B925B100A24509 /* Artable.app */;
			productType = "com.apple.product-type.application";
		};
		5862B46422B9265600A24509 /* ArtableAdmin */ = {
			isa = PBXNativeTarget;
			buildConfigurationList = 5862B47422B9265700A24509 /* Build configuration list for PBXNativeTarget "ArtableAdmin" */;
			buildPhases = (
				F1BB90C305598FF4333247EF /* [CP] Check Pods Manifest.lock */,
				5862B46122B9265600A24509 /* Sources */,
				5862B46222B9265600A24509 /* Frameworks */,
				5862B46322B9265600A24509 /* Resources */,
				533073E45ABB6F4B75871850 /* [CP] Embed Pods Frameworks */,
			);
			buildRules = (
			);
			dependencies = (
			);
			name = ArtableAdmin;
			productName = ArtableAdmin;
			productReference = 5862B46522B9265600A24509 /* ArtableAdmin.app */;
			productType = "com.apple.product-type.application";
		};
/* End PBXNativeTarget section */

/* Begin PBXProject section */
		5862B44422B925B100A24509 /* Project object */ = {
			isa = PBXProject;
			attributes = {
				LastSwiftUpdateCheck = 1020;
				LastUpgradeCheck = 1020;
				ORGANIZATIONNAME = "Angelina Friz";
				TargetAttributes = {
					5862B44B22B925B100A24509 = {
						CreatedOnToolsVersion = 10.2.1;
					};
					5862B46422B9265600A24509 = {
						CreatedOnToolsVersion = 10.2.1;
					};
				};
			};
			buildConfigurationList = 5862B44722B925B100A24509 /* Build configuration list for PBXProject "Artable" */;
			compatibilityVersion = "Xcode 9.3";
			developmentRegion = en;
			hasScannedForEncodings = 0;
			knownRegions = (
				en,
				Base,
			);
			mainGroup = 5862B44322B925B100A24509;
			productRefGroup = 5862B44D22B925B100A24509 /* Products */;
			projectDirPath = "";
			projectRoot = "";
			targets = (
				5862B44B22B925B100A24509 /* Artable */,
				5862B46422B9265600A24509 /* ArtableAdmin */,
			);
		};
/* End PBXProject section */

/* Begin PBXResourcesBuildPhase section */
		5862B44A22B925B100A24509 /* Resources */ = {
			isa = PBXResourcesBuildPhase;
			buildActionMask = 2147483647;
			files = (
				5862B45A22B925B500A24509 /* LaunchScreen.storyboard in Resources */,
				5870617A22C09D8500740598 /* ProductCell.xib in Resources */,
				5841DDA522BFC90200A5C9D5 /* CategoryCell.xib in Resources */,
				5862B45722B925B500A24509 /* Assets.xcassets in Resources */,
				5862B47C22B94AD100A24509 /* GoogleService-Info.plist in Resources */,
				5862B45522B925B100A24509 /* Main.storyboard in Resources */,
				582B31E722C3602B004C7D9A /* ProductDetailVC.xib in Resources */,
				5830876722BD2E0200A4CDCA /* ForgotPasswordVC.xib in Resources */,
				5862B47A22B9323900A24509 /* LoginStoryboard.storyboard in Resources */,
			);
			runOnlyForDeploymentPostprocessing = 0;
		};
		5862B46322B9265600A24509 /* Resources */ = {
			isa = PBXResourcesBuildPhase;
			buildActionMask = 2147483647;
			files = (
				5841DDA622BFC90200A5C9D5 /* CategoryCell.xib in Resources */,
				5862B47222B9265700A24509 /* LaunchScreen.storyboard in Resources */,
				5862B47E22B94CF400A24509 /* GoogleService-Info.plist in Resources */,
				5870617B22C09D8500740598 /* ProductCell.xib in Resources */,
				5862B47822B9279B00A24509 /* Assets.xcassets in Resources */,
				5862B46D22B9265600A24509 /* Main.storyboard in Resources */,
				582B31EC22C37B51004C7D9A /* ProductDetailVC.xib in Resources */,
			);
			runOnlyForDeploymentPostprocessing = 0;
		};
/* End PBXResourcesBuildPhase section */

/* Begin PBXShellScriptBuildPhase section */
		0DB396A98F51D49AFA094CC9 /* [CP] Check Pods Manifest.lock */ = {
			isa = PBXShellScriptBuildPhase;
			buildActionMask = 2147483647;
			files = (
			);
			inputPaths = (
				"${PODS_PODFILE_DIR_PATH}/Podfile.lock",
				"${PODS_ROOT}/Manifest.lock",
			);
			name = "[CP] Check Pods Manifest.lock";
			outputPaths = (
				"$(DERIVED_FILE_DIR)/Pods-Artable-checkManifestLockResult.txt",
			);
			runOnlyForDeploymentPostprocessing = 0;
			shellPath = /bin/sh;
			shellScript = "diff \"${PODS_PODFILE_DIR_PATH}/Podfile.lock\" \"${PODS_ROOT}/Manifest.lock\" > /dev/null\nif [ $? != 0 ] ; then\n    # print error to STDERR\n    echo \"error: The sandbox is not in sync with the Podfile.lock. Run 'pod install' or update your CocoaPods installation.\" >&2\n    exit 1\nfi\n# This output is used by Xcode 'outputs' to avoid re-running this script phase.\necho \"SUCCESS\" > \"${SCRIPT_OUTPUT_FILE_0}\"\n";
			showEnvVarsInLog = 0;
		};
		533073E45ABB6F4B75871850 /* [CP] Embed Pods Frameworks */ = {
			isa = PBXShellScriptBuildPhase;
			buildActionMask = 2147483647;
			files = (
			);
			inputPaths = (
				"${SRCROOT}/Pods/Target Support Files/Pods-ArtableAdmin/Pods-ArtableAdmin-frameworks.sh",
				"${BUILT_PRODUCTS_DIR}/BoringSSL-GRPC/openssl_grpc.framework",
				"${BUILT_PRODUCTS_DIR}/GTMSessionFetcher/GTMSessionFetcher.framework",
				"${BUILT_PRODUCTS_DIR}/GoogleUtilities/GoogleUtilities.framework",
				"${BUILT_PRODUCTS_DIR}/IQKeyboardManagerSwift/IQKeyboardManagerSwift.framework",
				"${BUILT_PRODUCTS_DIR}/Kingfisher/Kingfisher.framework",
				"${BUILT_PRODUCTS_DIR}/Protobuf/Protobuf.framework",
				"${BUILT_PRODUCTS_DIR}/gRPC-C++/grpcpp.framework",
				"${BUILT_PRODUCTS_DIR}/gRPC-Core/grpc.framework",
				"${BUILT_PRODUCTS_DIR}/leveldb-library/leveldb.framework",
				"${BUILT_PRODUCTS_DIR}/nanopb/nanopb.framework",
			);
			name = "[CP] Embed Pods Frameworks";
			outputPaths = (
				"${TARGET_BUILD_DIR}/${FRAMEWORKS_FOLDER_PATH}/openssl_grpc.framework",
				"${TARGET_BUILD_DIR}/${FRAMEWORKS_FOLDER_PATH}/GTMSessionFetcher.framework",
				"${TARGET_BUILD_DIR}/${FRAMEWORKS_FOLDER_PATH}/GoogleUtilities.framework",
				"${TARGET_BUILD_DIR}/${FRAMEWORKS_FOLDER_PATH}/IQKeyboardManagerSwift.framework",
				"${TARGET_BUILD_DIR}/${FRAMEWORKS_FOLDER_PATH}/Kingfisher.framework",
				"${TARGET_BUILD_DIR}/${FRAMEWORKS_FOLDER_PATH}/Protobuf.framework",
				"${TARGET_BUILD_DIR}/${FRAMEWORKS_FOLDER_PATH}/grpcpp.framework",
				"${TARGET_BUILD_DIR}/${FRAMEWORKS_FOLDER_PATH}/grpc.framework",
				"${TARGET_BUILD_DIR}/${FRAMEWORKS_FOLDER_PATH}/leveldb.framework",
				"${TARGET_BUILD_DIR}/${FRAMEWORKS_FOLDER_PATH}/nanopb.framework",
			);
			runOnlyForDeploymentPostprocessing = 0;
			shellPath = /bin/sh;
			shellScript = "\"${SRCROOT}/Pods/Target Support Files/Pods-ArtableAdmin/Pods-ArtableAdmin-frameworks.sh\"\n";
			showEnvVarsInLog = 0;
		};
		6E679EBB1ADC268420CDF37D /* [CP] Embed Pods Frameworks */ = {
			isa = PBXShellScriptBuildPhase;
			buildActionMask = 2147483647;
			files = (
			);
			inputPaths = (
				"${SRCROOT}/Pods/Target Support Files/Pods-Artable/Pods-Artable-frameworks.sh",
				"${BUILT_PRODUCTS_DIR}/BoringSSL-GRPC/openssl_grpc.framework",
				"${BUILT_PRODUCTS_DIR}/GTMSessionFetcher/GTMSessionFetcher.framework",
				"${BUILT_PRODUCTS_DIR}/GoogleUtilities/GoogleUtilities.framework",
				"${BUILT_PRODUCTS_DIR}/IQKeyboardManagerSwift/IQKeyboardManagerSwift.framework",
				"${BUILT_PRODUCTS_DIR}/Kingfisher/Kingfisher.framework",
				"${BUILT_PRODUCTS_DIR}/Protobuf/Protobuf.framework",
				"${BUILT_PRODUCTS_DIR}/Stripe/Stripe.framework",
				"${BUILT_PRODUCTS_DIR}/gRPC-C++/grpcpp.framework",
				"${BUILT_PRODUCTS_DIR}/gRPC-Core/grpc.framework",
				"${BUILT_PRODUCTS_DIR}/leveldb-library/leveldb.framework",
				"${BUILT_PRODUCTS_DIR}/nanopb/nanopb.framework",
			);
			name = "[CP] Embed Pods Frameworks";
			outputPaths = (
				"${TARGET_BUILD_DIR}/${FRAMEWORKS_FOLDER_PATH}/openssl_grpc.framework",
				"${TARGET_BUILD_DIR}/${FRAMEWORKS_FOLDER_PATH}/GTMSessionFetcher.framework",
				"${TARGET_BUILD_DIR}/${FRAMEWORKS_FOLDER_PATH}/GoogleUtilities.framework",
				"${TARGET_BUILD_DIR}/${FRAMEWORKS_FOLDER_PATH}/IQKeyboardManagerSwift.framework",
				"${TARGET_BUILD_DIR}/${FRAMEWORKS_FOLDER_PATH}/Kingfisher.framework",
				"${TARGET_BUILD_DIR}/${FRAMEWORKS_FOLDER_PATH}/Protobuf.framework",
				"${TARGET_BUILD_DIR}/${FRAMEWORKS_FOLDER_PATH}/Stripe.framework",
				"${TARGET_BUILD_DIR}/${FRAMEWORKS_FOLDER_PATH}/grpcpp.framework",
				"${TARGET_BUILD_DIR}/${FRAMEWORKS_FOLDER_PATH}/grpc.framework",
				"${TARGET_BUILD_DIR}/${FRAMEWORKS_FOLDER_PATH}/leveldb.framework",
				"${TARGET_BUILD_DIR}/${FRAMEWORKS_FOLDER_PATH}/nanopb.framework",
			);
			runOnlyForDeploymentPostprocessing = 0;
			shellPath = /bin/sh;
			shellScript = "\"${SRCROOT}/Pods/Target Support Files/Pods-Artable/Pods-Artable-frameworks.sh\"\n";
			showEnvVarsInLog = 0;
		};
		F1BB90C305598FF4333247EF /* [CP] Check Pods Manifest.lock */ = {
			isa = PBXShellScriptBuildPhase;
			buildActionMask = 2147483647;
			files = (
			);
			inputPaths = (
				"${PODS_PODFILE_DIR_PATH}/Podfile.lock",
				"${PODS_ROOT}/Manifest.lock",
			);
			name = "[CP] Check Pods Manifest.lock";
			outputPaths = (
				"$(DERIVED_FILE_DIR)/Pods-ArtableAdmin-checkManifestLockResult.txt",
			);
			runOnlyForDeploymentPostprocessing = 0;
			shellPath = /bin/sh;
			shellScript = "diff \"${PODS_PODFILE_DIR_PATH}/Podfile.lock\" \"${PODS_ROOT}/Manifest.lock\" > /dev/null\nif [ $? != 0 ] ; then\n    # print error to STDERR\n    echo \"error: The sandbox is not in sync with the Podfile.lock. Run 'pod install' or update your CocoaPods installation.\" >&2\n    exit 1\nfi\n# This output is used by Xcode 'outputs' to avoid re-running this script phase.\necho \"SUCCESS\" > \"${SCRIPT_OUTPUT_FILE_0}\"\n";
			showEnvVarsInLog = 0;
		};
/* End PBXShellScriptBuildPhase section */

/* Begin PBXSourcesBuildPhase section */
		5862B44822B925B100A24509 /* Sources */ = {
			isa = PBXSourcesBuildPhase;
			buildActionMask = 2147483647;
			files = (
				5841DD9C22BFA4D800A5C9D5 /* Firebase+Utils.swift in Sources */,
				582B31E622C3602B004C7D9A /* ProductDetailVC.swift in Sources */,
				5841DD9F22BFBBE900A5C9D5 /* Category.swift in Sources */,
				5862B48922BBDF5700A24509 /* Extensions.swift in Sources */,
				582AABEE22C8B6980049E714 /* User.swift in Sources */,
				5862B45222B925B100A24509 /* HomeVC.swift in Sources */,
				5862B48622BBCAC600A24509 /* RegisterVC.swift in Sources */,
				5870617822C09D8500740598 /* ProductCell.swift in Sources */,
				5862B45022B925B100A24509 /* AppDelegate.swift in Sources */,
				5830876222BCB45D00A4CDCA /* RoundedViews.swift in Sources */,
				5862B48422BBCAAD00A24509 /* LoginVC.swift in Sources */,
				5870617122C09B7B00740598 /* ProductsVC.swift in Sources */,
				5830876622BD2E0200A4CDCA /* ForgotPasswordVC.swift in Sources */,
				58CB760222BCA724006AC83E /* Constants.swift in Sources */,
				5841DDA322BFC90200A5C9D5 /* CategoryCell.swift in Sources */,
				5870617422C09BE600740598 /* Product.swift in Sources */,
			);
			runOnlyForDeploymentPostprocessing = 0;
		};
		5862B46122B9265600A24509 /* Sources */ = {
			isa = PBXSourcesBuildPhase;
			buildActionMask = 2147483647;
			files = (
				5841DD9D22BFA5FC00A5C9D5 /* Firebase+Utils.swift in Sources */,
				582B31EA22C37B19004C7D9A /* Constants.swift in Sources */,
				5862B46A22B9265600A24509 /* AdminHomeVC.swift in Sources */,
				582B31E922C37B06004C7D9A /* RoundedViews.swift in Sources */,
				5870617222C09B7B00740598 /* ProductsVC.swift in Sources */,
				582B31E822C3784A004C7D9A /* HomeVC.swift in Sources */,
				5862B46822B9265600A24509 /* AppDelegate.swift in Sources */,
				58A1684222C4D8520075FCE2 /* AdminProductsVC.swift in Sources */,
				582B31EB22C37B1D004C7D9A /* Extensions.swift in Sources */,
				58A1683F22C48CD80075FCE2 /* AddEditCategoryVC.swift in Sources */,
				5841DDA022BFBBF000A5C9D5 /* Category.swift in Sources */,
				5870617922C09D8500740598 /* ProductCell.swift in Sources */,
				5841DDA422BFC90200A5C9D5 /* CategoryCell.swift in Sources */,
				582B31ED22C37B5C004C7D9A /* ProductDetailVC.swift in Sources */,
				58A1684422C4E3050075FCE2 /* AddEditProductsVC.swift in Sources */,
				5870617522C09BE600740598 /* Product.swift in Sources */,
			);
			runOnlyForDeploymentPostprocessing = 0;
		};
/* End PBXSourcesBuildPhase section */

/* Begin PBXVariantGroup section */
		5862B45322B925B100A24509 /* Main.storyboard */ = {
			isa = PBXVariantGroup;
			children = (
				5862B45422B925B100A24509 /* Base */,
			);
			name = Main.storyboard;
			sourceTree = "<group>";
		};
		5862B45822B925B500A24509 /* LaunchScreen.storyboard */ = {
			isa = PBXVariantGroup;
			children = (
				5862B45922B925B500A24509 /* Base */,
			);
			name = LaunchScreen.storyboard;
			sourceTree = "<group>";
		};
		5862B46B22B9265600A24509 /* Main.storyboard */ = {
			isa = PBXVariantGroup;
			children = (
				5862B46C22B9265600A24509 /* Base */,
			);
			name = Main.storyboard;
			sourceTree = "<group>";
		};
		5862B47022B9265700A24509 /* LaunchScreen.storyboard */ = {
			isa = PBXVariantGroup;
			children = (
				5862B47122B9265700A24509 /* Base */,
			);
			name = LaunchScreen.storyboard;
			sourceTree = "<group>";
		};
/* End PBXVariantGroup section */

/* Begin XCBuildConfiguration section */
		5862B45C22B925B500A24509 /* Debug */ = {
			isa = XCBuildConfiguration;
			buildSettings = {
				ALWAYS_SEARCH_USER_PATHS = NO;
				CLANG_ANALYZER_NONNULL = YES;
				CLANG_ANALYZER_NUMBER_OBJECT_CONVERSION = YES_AGGRESSIVE;
				CLANG_CXX_LANGUAGE_STANDARD = "gnu++14";
				CLANG_CXX_LIBRARY = "libc++";
				CLANG_ENABLE_MODULES = YES;
				CLANG_ENABLE_OBJC_ARC = YES;
				CLANG_ENABLE_OBJC_WEAK = YES;
				CLANG_WARN_BLOCK_CAPTURE_AUTORELEASING = YES;
				CLANG_WARN_BOOL_CONVERSION = YES;
				CLANG_WARN_COMMA = YES;
				CLANG_WARN_CONSTANT_CONVERSION = YES;
				CLANG_WARN_DEPRECATED_OBJC_IMPLEMENTATIONS = YES;
				CLANG_WARN_DIRECT_OBJC_ISA_USAGE = YES_ERROR;
				CLANG_WARN_DOCUMENTATION_COMMENTS = YES;
				CLANG_WARN_EMPTY_BODY = YES;
				CLANG_WARN_ENUM_CONVERSION = YES;
				CLANG_WARN_INFINITE_RECURSION = YES;
				CLANG_WARN_INT_CONVERSION = YES;
				CLANG_WARN_NON_LITERAL_NULL_CONVERSION = YES;
				CLANG_WARN_OBJC_IMPLICIT_RETAIN_SELF = YES;
				CLANG_WARN_OBJC_LITERAL_CONVERSION = YES;
				CLANG_WARN_OBJC_ROOT_CLASS = YES_ERROR;
				CLANG_WARN_RANGE_LOOP_ANALYSIS = YES;
				CLANG_WARN_STRICT_PROTOTYPES = YES;
				CLANG_WARN_SUSPICIOUS_MOVE = YES;
				CLANG_WARN_UNGUARDED_AVAILABILITY = YES_AGGRESSIVE;
				CLANG_WARN_UNREACHABLE_CODE = YES;
				CLANG_WARN__DUPLICATE_METHOD_MATCH = YES;
				CODE_SIGN_IDENTITY = "iPhone Developer";
				COPY_PHASE_STRIP = NO;
				DEBUG_INFORMATION_FORMAT = dwarf;
				ENABLE_STRICT_OBJC_MSGSEND = YES;
				ENABLE_TESTABILITY = YES;
				GCC_C_LANGUAGE_STANDARD = gnu11;
				GCC_DYNAMIC_NO_PIC = NO;
				GCC_NO_COMMON_BLOCKS = YES;
				GCC_OPTIMIZATION_LEVEL = 0;
				GCC_PREPROCESSOR_DEFINITIONS = (
					"DEBUG=1",
					"$(inherited)",
				);
				GCC_WARN_64_TO_32_BIT_CONVERSION = YES;
				GCC_WARN_ABOUT_RETURN_TYPE = YES_ERROR;
				GCC_WARN_UNDECLARED_SELECTOR = YES;
				GCC_WARN_UNINITIALIZED_AUTOS = YES_AGGRESSIVE;
				GCC_WARN_UNUSED_FUNCTION = YES;
				GCC_WARN_UNUSED_VARIABLE = YES;
				IPHONEOS_DEPLOYMENT_TARGET = 12.2;
				MTL_ENABLE_DEBUG_INFO = INCLUDE_SOURCE;
				MTL_FAST_MATH = YES;
				ONLY_ACTIVE_ARCH = YES;
				SDKROOT = iphoneos;
				SWIFT_ACTIVE_COMPILATION_CONDITIONS = DEBUG;
				SWIFT_OPTIMIZATION_LEVEL = "-Onone";
			};
			name = Debug;
		};
		5862B45D22B925B500A24509 /* Release */ = {
			isa = XCBuildConfiguration;
			buildSettings = {
				ALWAYS_SEARCH_USER_PATHS = NO;
				CLANG_ANALYZER_NONNULL = YES;
				CLANG_ANALYZER_NUMBER_OBJECT_CONVERSION = YES_AGGRESSIVE;
				CLANG_CXX_LANGUAGE_STANDARD = "gnu++14";
				CLANG_CXX_LIBRARY = "libc++";
				CLANG_ENABLE_MODULES = YES;
				CLANG_ENABLE_OBJC_ARC = YES;
				CLANG_ENABLE_OBJC_WEAK = YES;
				CLANG_WARN_BLOCK_CAPTURE_AUTORELEASING = YES;
				CLANG_WARN_BOOL_CONVERSION = YES;
				CLANG_WARN_COMMA = YES;
				CLANG_WARN_CONSTANT_CONVERSION = YES;
				CLANG_WARN_DEPRECATED_OBJC_IMPLEMENTATIONS = YES;
				CLANG_WARN_DIRECT_OBJC_ISA_USAGE = YES_ERROR;
				CLANG_WARN_DOCUMENTATION_COMMENTS = YES;
				CLANG_WARN_EMPTY_BODY = YES;
				CLANG_WARN_ENUM_CONVERSION = YES;
				CLANG_WARN_INFINITE_RECURSION = YES;
				CLANG_WARN_INT_CONVERSION = YES;
				CLANG_WARN_NON_LITERAL_NULL_CONVERSION = YES;
				CLANG_WARN_OBJC_IMPLICIT_RETAIN_SELF = YES;
				CLANG_WARN_OBJC_LITERAL_CONVERSION = YES;
				CLANG_WARN_OBJC_ROOT_CLASS = YES_ERROR;
				CLANG_WARN_RANGE_LOOP_ANALYSIS = YES;
				CLANG_WARN_STRICT_PROTOTYPES = YES;
				CLANG_WARN_SUSPICIOUS_MOVE = YES;
				CLANG_WARN_UNGUARDED_AVAILABILITY = YES_AGGRESSIVE;
				CLANG_WARN_UNREACHABLE_CODE = YES;
				CLANG_WARN__DUPLICATE_METHOD_MATCH = YES;
				CODE_SIGN_IDENTITY = "iPhone Developer";
				COPY_PHASE_STRIP = NO;
				DEBUG_INFORMATION_FORMAT = "dwarf-with-dsym";
				ENABLE_NS_ASSERTIONS = NO;
				ENABLE_STRICT_OBJC_MSGSEND = YES;
				GCC_C_LANGUAGE_STANDARD = gnu11;
				GCC_NO_COMMON_BLOCKS = YES;
				GCC_WARN_64_TO_32_BIT_CONVERSION = YES;
				GCC_WARN_ABOUT_RETURN_TYPE = YES_ERROR;
				GCC_WARN_UNDECLARED_SELECTOR = YES;
				GCC_WARN_UNINITIALIZED_AUTOS = YES_AGGRESSIVE;
				GCC_WARN_UNUSED_FUNCTION = YES;
				GCC_WARN_UNUSED_VARIABLE = YES;
				IPHONEOS_DEPLOYMENT_TARGET = 12.2;
				MTL_ENABLE_DEBUG_INFO = NO;
				MTL_FAST_MATH = YES;
				SDKROOT = iphoneos;
				SWIFT_COMPILATION_MODE = wholemodule;
				SWIFT_OPTIMIZATION_LEVEL = "-O";
				VALIDATE_PRODUCT = YES;
			};
			name = Release;
		};
		5862B45F22B925B500A24509 /* Debug */ = {
			isa = XCBuildConfiguration;
			baseConfigurationReference = 19F00DEE671AB40953091117 /* Pods-Artable.debug.xcconfig */;
			buildSettings = {
				ASSETCATALOG_COMPILER_APPICON_NAME = AppIcon;
				CODE_SIGN_STYLE = Automatic;
				DEVELOPMENT_TEAM = QKHU8FT2PB;
				INFOPLIST_FILE = Artable/Info.plist;
				IPHONEOS_DEPLOYMENT_TARGET = 10.0;
				LD_RUNPATH_SEARCH_PATHS = (
					"$(inherited)",
					"@executable_path/Frameworks",
				);
				PRODUCT_BUNDLE_IDENTIFIER = com.angelinafriz.Artable;
				PRODUCT_NAME = "$(TARGET_NAME)";
				SWIFT_VERSION = 5.0;
				TARGETED_DEVICE_FAMILY = "1,2";
			};
			name = Debug;
		};
		5862B46022B925B500A24509 /* Release */ = {
			isa = XCBuildConfiguration;
			baseConfigurationReference = 7891B4A0AE12BDDE1A228B5E /* Pods-Artable.release.xcconfig */;
			buildSettings = {
				ASSETCATALOG_COMPILER_APPICON_NAME = AppIcon;
				CODE_SIGN_STYLE = Automatic;
				DEVELOPMENT_TEAM = QKHU8FT2PB;
				INFOPLIST_FILE = Artable/Info.plist;
				IPHONEOS_DEPLOYMENT_TARGET = 10.0;
				LD_RUNPATH_SEARCH_PATHS = (
					"$(inherited)",
					"@executable_path/Frameworks",
				);
				PRODUCT_BUNDLE_IDENTIFIER = com.angelinafriz.Artable;
				PRODUCT_NAME = "$(TARGET_NAME)";
				SWIFT_VERSION = 5.0;
				TARGETED_DEVICE_FAMILY = "1,2";
			};
			name = Release;
		};
		5862B47522B9265700A24509 /* Debug */ = {
			isa = XCBuildConfiguration;
			baseConfigurationReference = 29EFB00CF87D961E5E9F238E /* Pods-ArtableAdmin.debug.xcconfig */;
			buildSettings = {
				ASSETCATALOG_COMPILER_APPICON_NAME = AppIcon;
				CODE_SIGN_STYLE = Automatic;
				DEVELOPMENT_TEAM = QKHU8FT2PB;
				INFOPLIST_FILE = ArtableAdmin/Info.plist;
				IPHONEOS_DEPLOYMENT_TARGET = 10.0;
				LD_RUNPATH_SEARCH_PATHS = (
					"$(inherited)",
					"@executable_path/Frameworks",
				);
				PRODUCT_BUNDLE_IDENTIFIER = com.angelinafriz.ArtableAdmin;
				PRODUCT_NAME = "$(TARGET_NAME)";
				SWIFT_VERSION = 5.0;
				TARGETED_DEVICE_FAMILY = "1,2";
			};
			name = Debug;
		};
		5862B47622B9265700A24509 /* Release */ = {
			isa = XCBuildConfiguration;
			baseConfigurationReference = 383B22B1F2FB89D9A19B2B9E /* Pods-ArtableAdmin.release.xcconfig */;
			buildSettings = {
				ASSETCATALOG_COMPILER_APPICON_NAME = AppIcon;
				CODE_SIGN_STYLE = Automatic;
				DEVELOPMENT_TEAM = QKHU8FT2PB;
				INFOPLIST_FILE = ArtableAdmin/Info.plist;
				IPHONEOS_DEPLOYMENT_TARGET = 10.0;
				LD_RUNPATH_SEARCH_PATHS = (
					"$(inherited)",
					"@executable_path/Frameworks",
				);
				PRODUCT_BUNDLE_IDENTIFIER = com.angelinafriz.ArtableAdmin;
				PRODUCT_NAME = "$(TARGET_NAME)";
				SWIFT_VERSION = 5.0;
				TARGETED_DEVICE_FAMILY = "1,2";
			};
			name = Release;
		};
/* End XCBuildConfiguration section */

/* Begin XCConfigurationList section */
		5862B44722B925B100A24509 /* Build configuration list for PBXProject "Artable" */ = {
			isa = XCConfigurationList;
			buildConfigurations = (
				5862B45C22B925B500A24509 /* Debug */,
				5862B45D22B925B500A24509 /* Release */,
			);
			defaultConfigurationIsVisible = 0;
			defaultConfigurationName = Release;
		};
		5862B45E22B925B500A24509 /* Build configuration list for PBXNativeTarget "Artable" */ = {
			isa = XCConfigurationList;
			buildConfigurations = (
				5862B45F22B925B500A24509 /* Debug */,
				5862B46022B925B500A24509 /* Release */,
			);
			defaultConfigurationIsVisible = 0;
			defaultConfigurationName = Release;
		};
		5862B47422B9265700A24509 /* Build configuration list for PBXNativeTarget "ArtableAdmin" */ = {
			isa = XCConfigurationList;
			buildConfigurations = (
				5862B47522B9265700A24509 /* Debug */,
				5862B47622B9265700A24509 /* Release */,
			);
			defaultConfigurationIsVisible = 0;
			defaultConfigurationName = Release;
		};
/* End XCConfigurationList section */
	};
	rootObject = 5862B44422B925B100A24509 /* Project object */;
}
